
Microsoft Visual Studio Solution File, Format Version 12.00
# Visual Studio Version 16
VisualStudioVersion = 16.0.31112.23
MinimumVisualStudioVersion = 10.0.40219.1
Project("{FAE04EC0-301F-11D3-BF4B-00C04F79EFBC}") = "wpfcust", "wpfcust.csproj", "{D7B3A935-A33B-4506-97DC-052BA1592902}"
EndProject
Global
	GlobalSection(SolutionConfigurationPlatforms) = preSolution
		Debug|Any CPU = Debug|Any CPU
		Debug|x64 = Debug|x64
		Release|Any CPU = Release|Any CPU
		Release|x64 = Release|x64
	EndGlobalSection
	GlobalSection(ProjectConfigurationPlatforms) = postSolution
		{D7B3A935-A33B-4506-97DC-052BA1592902}.Debug|Any CPU.ActiveCfg = Debug|Any CPU
		{D7B3A935-A33B-4506-97DC-052BA1592902}.Debug|Any CPU.Build.0 = Debug|Any CPU
		{D7B3A935-A33B-4506-97DC-052BA1592902}.Debug|x64.ActiveCfg = Debug|x64
		{D7B3A935-A33B-4506-97DC-052BA1592902}.Debug|x64.Build.0 = Debug|x64
		{D7B3A935-A33B-4506-97DC-052BA1592902}.Release|Any CPU.ActiveCfg = Release|Any CPU
		{D7B3A935-A33B-4506-97DC-052BA1592902}.Release|Any CPU.Build.0 = Release|Any CPU
		{D7B3A935-A33B-4506-97DC-052BA1592902}.Release|x64.ActiveCfg = Release|x64
		{D7B3A935-A33B-4506-97DC-052BA1592902}.Release|x64.Build.0 = Release|x64
	EndGlobalSection
	GlobalSection(SolutionProperties) = preSolution
		HideSolutionNode = FALSE
	EndGlobalSection
	GlobalSection(ExtensibilityGlobals) = postSolution
		SolutionGuid = {3E75552B-9B67-4AAA-8195-6D6489522894}
	EndGlobalSection
EndGlobal
